
Microsoft Visual Studio Solution File, Format Version 12.00
# Visual Studio Version 17
VisualStudioVersion = 17.13.35913.81 d17.13
MinimumVisualStudioVersion = 10.0.40219.1
Project("{FAE04EC0-301F-11D3-BF4B-00C04F79EFBC}") = "ManyToMany", "ManyToMany\ManyToMany.csproj", "{A6D1180A-F4B6-4262-BEAB-2F525F63D1CC}"
EndProject
Global
	GlobalSection(SolutionConfigurationPlatforms) = preSolution
		Debug|Any CPU = Debug|Any CPU
		Release|Any CPU = Release|Any CPU
	EndGlobalSection
	GlobalSection(ProjectConfigurationPlatforms) = postSolution
		{A6D1180A-F4B6-4262-BEAB-2F525F63D1CC}.Debug|Any CPU.ActiveCfg = Debug|Any CPU
		{A6D1180A-F4B6-4262-BEAB-2F525F63D1CC}.Debug|Any CPU.Build.0 = Debug|Any CPU
		{A6D1180A-F4B6-4262-BEAB-2F525F63D1CC}.Release|Any CPU.ActiveCfg = Release|Any CPU
		{A6D1180A-F4B6-4262-BEAB-2F525F63D1CC}.Release|Any CPU.Build.0 = Release|Any CPU
	EndGlobalSection
	GlobalSection(SolutionProperties) = preSolution
		HideSolutionNode = FALSE
	EndGlobalSection
	GlobalSection(ExtensibilityGlobals) = postSolution
		SolutionGuid = {2634958F-4061-43EF-BE60-11FB1D95F099}
	EndGlobalSection
EndGlobal
